
Microsoft Visual Studio Solution File, Format Version 12.00
# Visual Studio Version 17
VisualStudioVersion = 17.9.34701.34
MinimumVisualStudioVersion = 10.0.40219.1
Project("{9A19103F-16F7-4668-BE54-9A1E7A4F7556}") = "EOSPlugin", "Mods\OnlineCoop\EOSPlugin\EOSPlugin.csproj", "{5D7730AC-3355-40D6-889B-722F3BDF8F59}"
EndProject
Project("{9A19103F-16F7-4668-BE54-9A1E7A4F7556}") = "MoreResolutions", "Mods\MoreResolutions\MoreResolutions.csproj", "{0E177872-B866-46AE-B63F-5A82B466F483}"
EndProject
Project("{9A19103F-16F7-4668-BE54-9A1E7A4F7556}") = "InstantBuild", "Mods\BuildSettings\InstantBuild.csproj", "{A306F0CC-C9C8-4C95-8C5C-2A8F23597457}"
EndProject
Project("{2150E333-8FDC-42A3-9474-1A3956D46DE8}") = "Solution Items", "Solution Items", "{49D1DC44-0965-4FE8-8E5C-96273172B109}"
	ProjectSection(SolutionItems) = preProject
		My Roadmap.md = My Roadmap.md
	EndProjectSection
EndProject
Project("{9A19103F-16F7-4668-BE54-9A1E7A4F7556}") = "BotamonMenu", "Mods\BotamonMenu\BotamonMenu.csproj", "{1ADF5082-D9EA-4B20-87C5-68346A2C26F5}"
EndProject
Global
	GlobalSection(SolutionConfigurationPlatforms) = preSolution
		BIE_Cpp_CoreCLR|Any CPU = BIE_Cpp_CoreCLR|Any CPU
		BIE_Cpp_CoreCLR|x64 = BIE_Cpp_CoreCLR|x64
		BIE_Cpp|Any CPU = BIE_Cpp|Any CPU
		BIE_Cpp|x64 = BIE_Cpp|x64
		BIE5_Mono|Any CPU = BIE5_Mono|Any CPU
		BIE5_Mono|x64 = BIE5_Mono|x64
		BIE6_Mono|Any CPU = BIE6_Mono|Any CPU
		BIE6_Mono|x64 = BIE6_Mono|x64
		Debug|Any CPU = Debug|Any CPU
		Debug|x64 = Debug|x64
		ML_Cpp_net472|Any CPU = ML_Cpp_net472|Any CPU
		ML_Cpp_net472|x64 = ML_Cpp_net472|x64
		ML_Cpp_net6|Any CPU = ML_Cpp_net6|Any CPU
		ML_Cpp_net6|x64 = ML_Cpp_net6|x64
		ML_Mono|Any CPU = ML_Mono|Any CPU
		ML_Mono|x64 = ML_Mono|x64
		Release|Any CPU = Release|Any CPU
		Release|x64 = Release|x64
		STANDALONE_Cpp|Any CPU = STANDALONE_Cpp|Any CPU
		STANDALONE_Cpp|x64 = STANDALONE_Cpp|x64
		STANDALONE_Mono|Any CPU = STANDALONE_Mono|Any CPU
		STANDALONE_Mono|x64 = STANDALONE_Mono|x64
	EndGlobalSection
	GlobalSection(ProjectConfigurationPlatforms) = postSolution
		{5D7730AC-3355-40D6-889B-722F3BDF8F59}.BIE_Cpp_CoreCLR|Any CPU.ActiveCfg = Release|Any CPU
		{5D7730AC-3355-40D6-889B-722F3BDF8F59}.BIE_Cpp_CoreCLR|Any CPU.Build.0 = Release|Any CPU
		{5D7730AC-3355-40D6-889B-722F3BDF8F59}.BIE_Cpp_CoreCLR|x64.ActiveCfg = Release|x64
		{5D7730AC-3355-40D6-889B-722F3BDF8F59}.BIE_Cpp_CoreCLR|x64.Build.0 = Release|x64
		{5D7730AC-3355-40D6-889B-722F3BDF8F59}.BIE_Cpp|Any CPU.ActiveCfg = Release|Any CPU
		{5D7730AC-3355-40D6-889B-722F3BDF8F59}.BIE_Cpp|Any CPU.Build.0 = Release|Any CPU
		{5D7730AC-3355-40D6-889B-722F3BDF8F59}.BIE_Cpp|x64.ActiveCfg = Release|x64
		{5D7730AC-3355-40D6-889B-722F3BDF8F59}.BIE_Cpp|x64.Build.0 = Release|x64
		{5D7730AC-3355-40D6-889B-722F3BDF8F59}.BIE5_Mono|Any CPU.ActiveCfg = Release|Any CPU
		{5D7730AC-3355-40D6-889B-722F3BDF8F59}.BIE5_Mono|Any CPU.Build.0 = Release|Any CPU
		{5D7730AC-3355-40D6-889B-722F3BDF8F59}.BIE5_Mono|x64.ActiveCfg = Release|x64
		{5D7730AC-3355-40D6-889B-722F3BDF8F59}.BIE5_Mono|x64.Build.0 = Release|x64
		{5D7730AC-3355-40D6-889B-722F3BDF8F59}.BIE6_Mono|Any CPU.ActiveCfg = Release|Any CPU
		{5D7730AC-3355-40D6-889B-722F3BDF8F59}.BIE6_Mono|Any CPU.Build.0 = Release|Any CPU
		{5D7730AC-3355-40D6-889B-722F3BDF8F59}.BIE6_Mono|x64.ActiveCfg = Release|x64
		{5D7730AC-3355-40D6-889B-722F3BDF8F59}.BIE6_Mono|x64.Build.0 = Release|x64
		{5D7730AC-3355-40D6-889B-722F3BDF8F59}.Debug|Any CPU.ActiveCfg = Debug|Any CPU
		{5D7730AC-3355-40D6-889B-722F3BDF8F59}.Debug|Any CPU.Build.0 = Debug|Any CPU
		{5D7730AC-3355-40D6-889B-722F3BDF8F59}.Debug|x64.ActiveCfg = Debug|x64
		{5D7730AC-3355-40D6-889B-722F3BDF8F59}.Debug|x64.Build.0 = Debug|x64
		{5D7730AC-3355-40D6-889B-722F3BDF8F59}.ML_Cpp_net472|Any CPU.ActiveCfg = Release|Any CPU
		{5D7730AC-3355-40D6-889B-722F3BDF8F59}.ML_Cpp_net472|Any CPU.Build.0 = Release|Any CPU
		{5D7730AC-3355-40D6-889B-722F3BDF8F59}.ML_Cpp_net472|x64.ActiveCfg = Release|x64
		{5D7730AC-3355-40D6-889B-722F3BDF8F59}.ML_Cpp_net472|x64.Build.0 = Release|x64
		{5D7730AC-3355-40D6-889B-722F3BDF8F59}.ML_Cpp_net6|Any CPU.ActiveCfg = Release|Any CPU
		{5D7730AC-3355-40D6-889B-722F3BDF8F59}.ML_Cpp_net6|Any CPU.Build.0 = Release|Any CPU
		{5D7730AC-3355-40D6-889B-722F3BDF8F59}.ML_Cpp_net6|x64.ActiveCfg = Release|x64
		{5D7730AC-3355-40D6-889B-722F3BDF8F59}.ML_Cpp_net6|x64.Build.0 = Release|x64
		{5D7730AC-3355-40D6-889B-722F3BDF8F59}.ML_Mono|Any CPU.ActiveCfg = Release|Any CPU
		{5D7730AC-3355-40D6-889B-722F3BDF8F59}.ML_Mono|Any CPU.Build.0 = Release|Any CPU
		{5D7730AC-3355-40D6-889B-722F3BDF8F59}.ML_Mono|x64.ActiveCfg = Release|x64
		{5D7730AC-3355-40D6-889B-722F3BDF8F59}.ML_Mono|x64.Build.0 = Release|x64
		{5D7730AC-3355-40D6-889B-722F3BDF8F59}.Release|Any CPU.ActiveCfg = Release|Any CPU
		{5D7730AC-3355-40D6-889B-722F3BDF8F59}.Release|Any CPU.Build.0 = Release|Any CPU
		{5D7730AC-3355-40D6-889B-722F3BDF8F59}.Release|x64.ActiveCfg = Release|x64
		{5D7730AC-3355-40D6-889B-722F3BDF8F59}.Release|x64.Build.0 = Release|x64
		{5D7730AC-3355-40D6-889B-722F3BDF8F59}.STANDALONE_Cpp|Any CPU.ActiveCfg = Release|Any CPU
		{5D7730AC-3355-40D6-889B-722F3BDF8F59}.STANDALONE_Cpp|Any CPU.Build.0 = Release|Any CPU
		{5D7730AC-3355-40D6-889B-722F3BDF8F59}.STANDALONE_Cpp|x64.ActiveCfg = Release|x64
		{5D7730AC-3355-40D6-889B-722F3BDF8F59}.STANDALONE_Cpp|x64.Build.0 = Release|x64
		{5D7730AC-3355-40D6-889B-722F3BDF8F59}.STANDALONE_Mono|Any CPU.ActiveCfg = Release|Any CPU
		{5D7730AC-3355-40D6-889B-722F3BDF8F59}.STANDALONE_Mono|Any CPU.Build.0 = Release|Any CPU
		{5D7730AC-3355-40D6-889B-722F3BDF8F59}.STANDALONE_Mono|x64.ActiveCfg = Release|x64
		{5D7730AC-3355-40D6-889B-722F3BDF8F59}.STANDALONE_Mono|x64.Build.0 = Release|x64
		{0E177872-B866-46AE-B63F-5A82B466F483}.BIE_Cpp_CoreCLR|Any CPU.ActiveCfg = Release|Any CPU
		{0E177872-B866-46AE-B63F-5A82B466F483}.BIE_Cpp_CoreCLR|Any CPU.Build.0 = Release|Any CPU
		{0E177872-B866-46AE-B63F-5A82B466F483}.BIE_Cpp_CoreCLR|x64.ActiveCfg = Release|Any CPU
		{0E177872-B866-46AE-B63F-5A82B466F483}.BIE_Cpp_CoreCLR|x64.Build.0 = Release|Any CPU
		{0E177872-B866-46AE-B63F-5A82B466F483}.BIE_Cpp|Any CPU.ActiveCfg = Release|Any CPU
		{0E177872-B866-46AE-B63F-5A82B466F483}.BIE_Cpp|Any CPU.Build.0 = Release|Any CPU
		{0E177872-B866-46AE-B63F-5A82B466F483}.BIE_Cpp|x64.ActiveCfg = Release|Any CPU
		{0E177872-B866-46AE-B63F-5A82B466F483}.BIE_Cpp|x64.Build.0 = Release|Any CPU
		{0E177872-B866-46AE-B63F-5A82B466F483}.BIE5_Mono|Any CPU.ActiveCfg = Release|Any CPU
		{0E177872-B866-46AE-B63F-5A82B466F483}.BIE5_Mono|Any CPU.Build.0 = Release|Any CPU
		{0E177872-B866-46AE-B63F-5A82B466F483}.BIE5_Mono|x64.ActiveCfg = Release|Any CPU
		{0E177872-B866-46AE-B63F-5A82B466F483}.BIE5_Mono|x64.Build.0 = Release|Any CPU
		{0E177872-B866-46AE-B63F-5A82B466F483}.BIE6_Mono|Any CPU.ActiveCfg = Release|Any CPU
		{0E177872-B866-46AE-B63F-5A82B466F483}.BIE6_Mono|Any CPU.Build.0 = Release|Any CPU
		{0E177872-B866-46AE-B63F-5A82B466F483}.BIE6_Mono|x64.ActiveCfg = Release|Any CPU
		{0E177872-B866-46AE-B63F-5A82B466F483}.BIE6_Mono|x64.Build.0 = Release|Any CPU
		{0E177872-B866-46AE-B63F-5A82B466F483}.Debug|Any CPU.ActiveCfg = Debug|Any CPU
		{0E177872-B866-46AE-B63F-5A82B466F483}.Debug|Any CPU.Build.0 = Debug|Any CPU
		{0E177872-B866-46AE-B63F-5A82B466F483}.Debug|x64.ActiveCfg = Debug|Any CPU
		{0E177872-B866-46AE-B63F-5A82B466F483}.Debug|x64.Build.0 = Debug|Any CPU
		{0E177872-B866-46AE-B63F-5A82B466F483}.ML_Cpp_net472|Any CPU.ActiveCfg = Release|Any CPU
		{0E177872-B866-46AE-B63F-5A82B466F483}.ML_Cpp_net472|Any CPU.Build.0 = Release|Any CPU
		{0E177872-B866-46AE-B63F-5A82B466F483}.ML_Cpp_net472|x64.ActiveCfg = Release|Any CPU
		{0E177872-B866-46AE-B63F-5A82B466F483}.ML_Cpp_net472|x64.Build.0 = Release|Any CPU
		{0E177872-B866-46AE-B63F-5A82B466F483}.ML_Cpp_net6|Any CPU.ActiveCfg = Release|Any CPU
		{0E177872-B866-46AE-B63F-5A82B466F483}.ML_Cpp_net6|Any CPU.Build.0 = Release|Any CPU
		{0E177872-B866-46AE-B63F-5A82B466F483}.ML_Cpp_net6|x64.ActiveCfg = Release|Any CPU
		{0E177872-B866-46AE-B63F-5A82B466F483}.ML_Cpp_net6|x64.Build.0 = Release|Any CPU
		{0E177872-B866-46AE-B63F-5A82B466F483}.ML_Mono|Any CPU.ActiveCfg = Release|Any CPU
		{0E177872-B866-46AE-B63F-5A82B466F483}.ML_Mono|Any CPU.Build.0 = Release|Any CPU
		{0E177872-B866-46AE-B63F-5A82B466F483}.ML_Mono|x64.ActiveCfg = Release|Any CPU
		{0E177872-B866-46AE-B63F-5A82B466F483}.ML_Mono|x64.Build.0 = Release|Any CPU
		{0E177872-B866-46AE-B63F-5A82B466F483}.Release|Any CPU.ActiveCfg = Release|Any CPU
		{0E177872-B866-46AE-B63F-5A82B466F483}.Release|Any CPU.Build.0 = Release|Any CPU
		{0E177872-B866-46AE-B63F-5A82B466F483}.Release|x64.ActiveCfg = Release|Any CPU
		{0E177872-B866-46AE-B63F-5A82B466F483}.Release|x64.Build.0 = Release|Any CPU
		{0E177872-B866-46AE-B63F-5A82B466F483}.STANDALONE_Cpp|Any CPU.ActiveCfg = Release|Any CPU
		{0E177872-B866-46AE-B63F-5A82B466F483}.STANDALONE_Cpp|Any CPU.Build.0 = Release|Any CPU
		{0E177872-B866-46AE-B63F-5A82B466F483}.STANDALONE_Cpp|x64.ActiveCfg = Release|Any CPU
		{0E177872-B866-46AE-B63F-5A82B466F483}.STANDALONE_Cpp|x64.Build.0 = Release|Any CPU
		{0E177872-B866-46AE-B63F-5A82B466F483}.STANDALONE_Mono|Any CPU.ActiveCfg = Release|Any CPU
		{0E177872-B866-46AE-B63F-5A82B466F483}.STANDALONE_Mono|Any CPU.Build.0 = Release|Any CPU
		{0E177872-B866-46AE-B63F-5A82B466F483}.STANDALONE_Mono|x64.ActiveCfg = Release|Any CPU
		{0E177872-B866-46AE-B63F-5A82B466F483}.STANDALONE_Mono|x64.Build.0 = Release|Any CPU
		{A306F0CC-C9C8-4C95-8C5C-2A8F23597457}.BIE_Cpp_CoreCLR|Any CPU.ActiveCfg = Debug|Any CPU
		{A306F0CC-C9C8-4C95-8C5C-2A8F23597457}.BIE_Cpp_CoreCLR|Any CPU.Build.0 = Debug|Any CPU
		{A306F0CC-C9C8-4C95-8C5C-2A8F23597457}.BIE_Cpp_CoreCLR|x64.ActiveCfg = Debug|Any CPU
		{A306F0CC-C9C8-4C95-8C5C-2A8F23597457}.BIE_Cpp_CoreCLR|x64.Build.0 = Debug|Any CPU
		{A306F0CC-C9C8-4C95-8C5C-2A8F23597457}.BIE_Cpp|Any CPU.ActiveCfg = Debug|Any CPU
		{A306F0CC-C9C8-4C95-8C5C-2A8F23597457}.BIE_Cpp|Any CPU.Build.0 = Debug|Any CPU
		{A306F0CC-C9C8-4C95-8C5C-2A8F23597457}.BIE_Cpp|x64.ActiveCfg = Debug|Any CPU
		{A306F0CC-C9C8-4C95-8C5C-2A8F23597457}.BIE_Cpp|x64.Build.0 = Debug|Any CPU
		{A306F0CC-C9C8-4C95-8C5C-2A8F23597457}.BIE5_Mono|Any CPU.ActiveCfg = Debug|Any CPU
		{A306F0CC-C9C8-4C95-8C5C-2A8F23597457}.BIE5_Mono|Any CPU.Build.0 = Debug|Any CPU
		{A306F0CC-C9C8-4C95-8C5C-2A8F23597457}.BIE5_Mono|x64.ActiveCfg = Debug|Any CPU
		{A306F0CC-C9C8-4C95-8C5C-2A8F23597457}.BIE5_Mono|x64.Build.0 = Debug|Any CPU
		{A306F0CC-C9C8-4C95-8C5C-2A8F23597457}.BIE6_Mono|Any CPU.ActiveCfg = Debug|Any CPU
		{A306F0CC-C9C8-4C95-8C5C-2A8F23597457}.BIE6_Mono|Any CPU.Build.0 = Debug|Any CPU
		{A306F0CC-C9C8-4C95-8C5C-2A8F23597457}.BIE6_Mono|x64.ActiveCfg = Debug|Any CPU
		{A306F0CC-C9C8-4C95-8C5C-2A8F23597457}.BIE6_Mono|x64.Build.0 = Debug|Any CPU
		{A306F0CC-C9C8-4C95-8C5C-2A8F23597457}.Debug|Any CPU.ActiveCfg = Debug|Any CPU
		{A306F0CC-C9C8-4C95-8C5C-2A8F23597457}.Debug|Any CPU.Build.0 = Debug|Any CPU
		{A306F0CC-C9C8-4C95-8C5C-2A8F23597457}.Debug|x64.ActiveCfg = Debug|Any CPU
		{A306F0CC-C9C8-4C95-8C5C-2A8F23597457}.Debug|x64.Build.0 = Debug|Any CPU
		{A306F0CC-C9C8-4C95-8C5C-2A8F23597457}.ML_Cpp_net472|Any CPU.ActiveCfg = Debug|Any CPU
		{A306F0CC-C9C8-4C95-8C5C-2A8F23597457}.ML_Cpp_net472|Any CPU.Build.0 = Debug|Any CPU
		{A306F0CC-C9C8-4C95-8C5C-2A8F23597457}.ML_Cpp_net472|x64.ActiveCfg = Debug|Any CPU
		{A306F0CC-C9C8-4C95-8C5C-2A8F23597457}.ML_Cpp_net472|x64.Build.0 = Debug|Any CPU
		{A306F0CC-C9C8-4C95-8C5C-2A8F23597457}.ML_Cpp_net6|Any CPU.ActiveCfg = Debug|Any CPU
		{A306F0CC-C9C8-4C95-8C5C-2A8F23597457}.ML_Cpp_net6|Any CPU.Build.0 = Debug|Any CPU
		{A306F0CC-C9C8-4C95-8C5C-2A8F23597457}.ML_Cpp_net6|x64.ActiveCfg = Debug|Any CPU
		{A306F0CC-C9C8-4C95-8C5C-2A8F23597457}.ML_Cpp_net6|x64.Build.0 = Debug|Any CPU
		{A306F0CC-C9C8-4C95-8C5C-2A8F23597457}.ML_Mono|Any CPU.ActiveCfg = Debug|Any CPU
		{A306F0CC-C9C8-4C95-8C5C-2A8F23597457}.ML_Mono|Any CPU.Build.0 = Debug|Any CPU
		{A306F0CC-C9C8-4C95-8C5C-2A8F23597457}.ML_Mono|x64.ActiveCfg = Debug|Any CPU
		{A306F0CC-C9C8-4C95-8C5C-2A8F23597457}.ML_Mono|x64.Build.0 = Debug|Any CPU
		{A306F0CC-C9C8-4C95-8C5C-2A8F23597457}.Release|Any CPU.ActiveCfg = Release|Any CPU
		{A306F0CC-C9C8-4C95-8C5C-2A8F23597457}.Release|Any CPU.Build.0 = Release|Any CPU
		{A306F0CC-C9C8-4C95-8C5C-2A8F23597457}.Release|x64.ActiveCfg = Release|Any CPU
		{A306F0CC-C9C8-4C95-8C5C-2A8F23597457}.Release|x64.Build.0 = Release|Any CPU
		{A306F0CC-C9C8-4C95-8C5C-2A8F23597457}.STANDALONE_Cpp|Any CPU.ActiveCfg = Debug|Any CPU
		{A306F0CC-C9C8-4C95-8C5C-2A8F23597457}.STANDALONE_Cpp|Any CPU.Build.0 = Debug|Any CPU
		{A306F0CC-C9C8-4C95-8C5C-2A8F23597457}.STANDALONE_Cpp|x64.ActiveCfg = Debug|Any CPU
		{A306F0CC-C9C8-4C95-8C5C-2A8F23597457}.STANDALONE_Cpp|x64.Build.0 = Debug|Any CPU
		{A306F0CC-C9C8-4C95-8C5C-2A8F23597457}.STANDALONE_Mono|Any CPU.ActiveCfg = Debug|Any CPU
		{A306F0CC-C9C8-4C95-8C5C-2A8F23597457}.STANDALONE_Mono|Any CPU.Build.0 = Debug|Any CPU
		{A306F0CC-C9C8-4C95-8C5C-2A8F23597457}.STANDALONE_Mono|x64.ActiveCfg = Debug|Any CPU
		{A306F0CC-C9C8-4C95-8C5C-2A8F23597457}.STANDALONE_Mono|x64.Build.0 = Debug|Any CPU
		{1ADF5082-D9EA-4B20-87C5-68346A2C26F5}.BIE_Cpp_CoreCLR|Any CPU.ActiveCfg = Debug|Any CPU
		{1ADF5082-D9EA-4B20-87C5-68346A2C26F5}.BIE_Cpp_CoreCLR|Any CPU.Build.0 = Debug|Any CPU
		{1ADF5082-D9EA-4B20-87C5-68346A2C26F5}.BIE_Cpp_CoreCLR|x64.ActiveCfg = Debug|Any CPU
		{1ADF5082-D9EA-4B20-87C5-68346A2C26F5}.BIE_Cpp_CoreCLR|x64.Build.0 = Debug|Any CPU
		{1ADF5082-D9EA-4B20-87C5-68346A2C26F5}.BIE_Cpp|Any CPU.ActiveCfg = Debug|Any CPU
		{1ADF5082-D9EA-4B20-87C5-68346A2C26F5}.BIE_Cpp|Any CPU.Build.0 = Debug|Any CPU
		{1ADF5082-D9EA-4B20-87C5-68346A2C26F5}.BIE_Cpp|x64.ActiveCfg = Debug|Any CPU
		{1ADF5082-D9EA-4B20-87C5-68346A2C26F5}.BIE_Cpp|x64.Build.0 = Debug|Any CPU
		{1ADF5082-D9EA-4B20-87C5-68346A2C26F5}.BIE5_Mono|Any CPU.ActiveCfg = Debug|Any CPU
		{1ADF5082-D9EA-4B20-87C5-68346A2C26F5}.BIE5_Mono|Any CPU.Build.0 = Debug|Any CPU
		{1ADF5082-D9EA-4B20-87C5-68346A2C26F5}.BIE5_Mono|x64.ActiveCfg = Debug|Any CPU
		{1ADF5082-D9EA-4B20-87C5-68346A2C26F5}.BIE5_Mono|x64.Build.0 = Debug|Any CPU
		{1ADF5082-D9EA-4B20-87C5-68346A2C26F5}.BIE6_Mono|Any CPU.ActiveCfg = Debug|Any CPU
		{1ADF5082-D9EA-4B20-87C5-68346A2C26F5}.BIE6_Mono|Any CPU.Build.0 = Debug|Any CPU
		{1ADF5082-D9EA-4B20-87C5-68346A2C26F5}.BIE6_Mono|x64.ActiveCfg = Debug|Any CPU
		{1ADF5082-D9EA-4B20-87C5-68346A2C26F5}.BIE6_Mono|x64.Build.0 = Debug|Any CPU
		{1ADF5082-D9EA-4B20-87C5-68346A2C26F5}.Debug|Any CPU.ActiveCfg = Debug|Any CPU
		{1ADF5082-D9EA-4B20-87C5-68346A2C26F5}.Debug|Any CPU.Build.0 = Debug|Any CPU
		{1ADF5082-D9EA-4B20-87C5-68346A2C26F5}.Debug|x64.ActiveCfg = Debug|Any CPU
		{1ADF5082-D9EA-4B20-87C5-68346A2C26F5}.Debug|x64.Build.0 = Debug|Any CPU
		{1ADF5082-D9EA-4B20-87C5-68346A2C26F5}.ML_Cpp_net472|Any CPU.ActiveCfg = Debug|Any CPU
		{1ADF5082-D9EA-4B20-87C5-68346A2C26F5}.ML_Cpp_net472|Any CPU.Build.0 = Debug|Any CPU
		{1ADF5082-D9EA-4B20-87C5-68346A2C26F5}.ML_Cpp_net472|x64.ActiveCfg = Debug|Any CPU
		{1ADF5082-D9EA-4B20-87C5-68346A2C26F5}.ML_Cpp_net472|x64.Build.0 = Debug|Any CPU
		{1ADF5082-D9EA-4B20-87C5-68346A2C26F5}.ML_Cpp_net6|Any CPU.ActiveCfg = Debug|Any CPU
		{1ADF5082-D9EA-4B20-87C5-68346A2C26F5}.ML_Cpp_net6|Any CPU.Build.0 = Debug|Any CPU
		{1ADF5082-D9EA-4B20-87C5-68346A2C26F5}.ML_Cpp_net6|x64.ActiveCfg = Debug|Any CPU
		{1ADF5082-D9EA-4B20-87C5-68346A2C26F5}.ML_Cpp_net6|x64.Build.0 = Debug|Any CPU
		{1ADF5082-D9EA-4B20-87C5-68346A2C26F5}.ML_Mono|Any CPU.ActiveCfg = Debug|Any CPU
		{1ADF5082-D9EA-4B20-87C5-68346A2C26F5}.ML_Mono|Any CPU.Build.0 = Debug|Any CPU
		{1ADF5082-D9EA-4B20-87C5-68346A2C26F5}.ML_Mono|x64.ActiveCfg = Debug|Any CPU
		{1ADF5082-D9EA-4B20-87C5-68346A2C26F5}.ML_Mono|x64.Build.0 = Debug|Any CPU
		{1ADF5082-D9EA-4B20-87C5-68346A2C26F5}.Release|Any CPU.ActiveCfg = Release|Any CPU
		{1ADF5082-D9EA-4B20-87C5-68346A2C26F5}.Release|Any CPU.Build.0 = Release|Any CPU
		{1ADF5082-D9EA-4B20-87C5-68346A2C26F5}.Release|x64.ActiveCfg = Release|Any CPU
		{1ADF5082-D9EA-4B20-87C5-68346A2C26F5}.Release|x64.Build.0 = Release|Any CPU
		{1ADF5082-D9EA-4B20-87C5-68346A2C26F5}.STANDALONE_Cpp|Any CPU.ActiveCfg = Debug|Any CPU
		{1ADF5082-D9EA-4B20-87C5-68346A2C26F5}.STANDALONE_Cpp|Any CPU.Build.0 = Debug|Any CPU
		{1ADF5082-D9EA-4B20-87C5-68346A2C26F5}.STANDALONE_Cpp|x64.ActiveCfg = Debug|Any CPU
		{1ADF5082-D9EA-4B20-87C5-68346A2C26F5}.STANDALONE_Cpp|x64.Build.0 = Debug|Any CPU
		{1ADF5082-D9EA-4B20-87C5-68346A2C26F5}.STANDALONE_Mono|Any CPU.ActiveCfg = Debug|Any CPU
		{1ADF5082-D9EA-4B20-87C5-68346A2C26F5}.STANDALONE_Mono|Any CPU.Build.0 = Debug|Any CPU
		{1ADF5082-D9EA-4B20-87C5-68346A2C26F5}.STANDALONE_Mono|x64.ActiveCfg = Debug|Any CPU
		{1ADF5082-D9EA-4B20-87C5-68346A2C26F5}.STANDALONE_Mono|x64.Build.0 = Debug|Any CPU
	EndGlobalSection
	GlobalSection(SolutionProperties) = preSolution
		HideSolutionNode = FALSE
	EndGlobalSection
	GlobalSection(ExtensibilityGlobals) = postSolution
		SolutionGuid = {862A8E08-5281-422D-AA58-F966E6D81203}
	EndGlobalSection
EndGlobal
